
Microsoft Visual Studio Solution File, Format Version 12.00
# Visual Studio Version 17
VisualStudioVersion = 17.9.34701.34
MinimumVisualStudioVersion = 10.0.40219.1
Project("{9A19103F-16F7-4668-BE54-9A1E7A4F7556}") = "FinanzApp", "FinanzApp\FinanzApp.csproj", "{EE2C60D0-2FBA-4E64-8D60-62BD60A41F1B}"
EndProject
Global
	GlobalSection(SolutionConfigurationPlatforms) = preSolution
		Debug|Any CPU = Debug|Any CPU
		Debug|ARM32 = Debug|ARM32
		Release|Any CPU = Release|Any CPU
		Release|ARM32 = Release|ARM32
	EndGlobalSection
	GlobalSection(ProjectConfigurationPlatforms) = postSolution
		{EE2C60D0-2FBA-4E64-8D60-62BD60A41F1B}.Debug|Any CPU.ActiveCfg = Debug|Any CPU
		{EE2C60D0-2FBA-4E64-8D60-62BD60A41F1B}.Debug|Any CPU.Build.0 = Debug|Any CPU
		{EE2C60D0-2FBA-4E64-8D60-62BD60A41F1B}.Debug|Any CPU.Deploy.0 = Debug|Any CPU
		{EE2C60D0-2FBA-4E64-8D60-62BD60A41F1B}.Debug|ARM32.ActiveCfg = Debug|Any CPU
		{EE2C60D0-2FBA-4E64-8D60-62BD60A41F1B}.Debug|ARM32.Build.0 = Debug|Any CPU
		{EE2C60D0-2FBA-4E64-8D60-62BD60A41F1B}.Debug|ARM32.Deploy.0 = Debug|Any CPU
		{EE2C60D0-2FBA-4E64-8D60-62BD60A41F1B}.Release|Any CPU.ActiveCfg = Release|Any CPU
		{EE2C60D0-2FBA-4E64-8D60-62BD60A41F1B}.Release|Any CPU.Build.0 = Release|Any CPU
		{EE2C60D0-2FBA-4E64-8D60-62BD60A41F1B}.Release|Any CPU.Deploy.0 = Release|Any CPU
		{EE2C60D0-2FBA-4E64-8D60-62BD60A41F1B}.Release|ARM32.ActiveCfg = Release|Any CPU
	EndGlobalSection
	GlobalSection(SolutionProperties) = preSolution
		HideSolutionNode = FALSE
	EndGlobalSection
	GlobalSection(ExtensibilityGlobals) = postSolution
		SolutionGuid = {A0141CF7-A6FD-42BC-9A71-8244D1BFD88D}
	EndGlobalSection
EndGlobal
